// !$*UTF8*$!
{
	archiveVersion = 1;
	classes = {
	};
	objectVersion = 48;
	objects = {

/* Begin PBXBuildFile section */
		0481B7101F83A17200B806CE /* AppDelegate.m in Sources */ = {isa = PBXBuildFile; fileRef = 0481B70F1F83A17200B806CE /* AppDelegate.m */; };
		0481B7131F83A17200B806CE /* ViewController.m in Sources */ = {isa = PBXBuildFile; fileRef = 0481B7121F83A17200B806CE /* ViewController.m */; };
		0481B7161F83A17200B806CE /* Main.storyboard in Resources */ = {isa = PBXBuildFile; fileRef = 0481B7141F83A17200B806CE /* Main.storyboard */; };
		0481B7181F83A17200B806CE /* Assets.xcassets in Resources */ = {isa = PBXBuildFile; fileRef = 0481B7171F83A17200B806CE /* Assets.xcassets */; };
		0481B71B1F83A17200B806CE /* LaunchScreen.storyboard in Resources */ = {isa = PBXBuildFile; fileRef = 0481B7191F83A17200B806CE /* LaunchScreen.storyboard */; };
		0481B71E1F83A17200B806CE /* main.m in Sources */ = {isa = PBXBuildFile; fileRef = 0481B71D1F83A17200B806CE /* main.m */; };
		04A0D8F81F861F8B000B2C44 /* PYSubViewController.m in Sources */ = {isa = PBXBuildFile; fileRef = 04A0D8F71F861F8B000B2C44 /* PYSubViewController.m */; };
		D8C54212F31CA1AAC727C2D3 /* libPods-PYToolsDemo.a in Frameworks */ = {isa = PBXBuildFile; fileRef = 633A832FF4A701516654D654 /* libPods-PYToolsDemo.a */; };
/* End PBXBuildFile section */

/* Begin PBXFileReference section */
		0481B70B1F83A17200B806CE /* PYToolsDemo.app */ = {isa = PBXFileReference; explicitFileType = wrapper.application; includeInIndex = 0; path = PYToolsDemo.app; sourceTree = BUILT_PRODUCTS_DIR; };
		0481B70E1F83A17200B806CE /* AppDelegate.h */ = {isa = PBXFileReference; lastKnownFileType = sourcecode.c.h; path = AppDelegate.h; sourceTree = "<group>"; };
		0481B70F1F83A17200B806CE /* AppDelegate.m */ = {isa = PBXFileReference; lastKnownFileType = sourcecode.c.objc; path = AppDelegate.m; sourceTree = "<group>"; };
		0481B7111F83A17200B806CE /* ViewController.h */ = {isa = PBXFileReference; lastKnownFileType = sourcecode.c.h; path = ViewController.h; sourceTree = "<group>"; };
		0481B7121F83A17200B806CE /* ViewController.m */ = {isa = PBXFileReference; lastKnownFileType = sourcecode.c.objc; path = ViewController.m; sourceTree = "<group>"; };
		0481B7151F83A17200B806CE /* Base */ = {isa = PBXFileReference; lastKnownFileType = file.storyboard; name = Base; path = Base.lproj/Main.storyboard; sourceTree = "<group>"; };
		0481B7171F83A17200B806CE /* Assets.xcassets */ = {isa = PBXFileReference; lastKnownFileType = folder.assetcatalog; path = Assets.xcassets; sourceTree = "<group>"; };
		0481B71A1F83A17200B806CE /* Base */ = {isa = PBXFileReference; lastKnownFileType = file.storyboard; name = Base; path = Base.lproj/LaunchScreen.storyboard; sourceTree = "<group>"; };
		0481B71C1F83A17200B806CE /* Info.plist */ = {isa = PBXFileReference; lastKnownFileType = text.plist.xml; path = Info.plist; sourceTree = "<group>"; };
		0481B71D1F83A17200B806CE /* main.m */ = {isa = PBXFileReference; lastKnownFileType = sourcecode.c.objc; path = main.m; sourceTree = "<group>"; };
		04A0D8F61F861F8B000B2C44 /* PYSubViewController.h */ = {isa = PBXFileReference; lastKnownFileType = sourcecode.c.h; path = PYSubViewController.h; sourceTree = "<group>"; };
		04A0D8F71F861F8B000B2C44 /* PYSubViewController.m */ = {isa = PBXFileReference; lastKnownFileType = sourcecode.c.objc; path = PYSubViewController.m; sourceTree = "<group>"; };
		2C153722FB48429062D49EF3 /* Pods-PYToolsDemo.release.xcconfig */ = {isa = PBXFileReference; includeInIndex = 1; lastKnownFileType = text.xcconfig; name = "Pods-PYToolsDemo.release.xcconfig"; path = "Pods/Target Support Files/Pods-PYToolsDemo/Pods-PYToolsDemo.release.xcconfig"; sourceTree = "<group>"; };
		633A832FF4A701516654D654 /* libPods-PYToolsDemo.a */ = {isa = PBXFileReference; explicitFileType = archive.ar; includeInIndex = 0; path = "libPods-PYToolsDemo.a"; sourceTree = BUILT_PRODUCTS_DIR; };
		E3BC3B5D2B926A5909B46392 /* Pods-PYToolsDemo.debug.xcconfig */ = {isa = PBXFileReference; includeInIndex = 1; lastKnownFileType = text.xcconfig; name = "Pods-PYToolsDemo.debug.xcconfig"; path = "Pods/Target Support Files/Pods-PYToolsDemo/Pods-PYToolsDemo.debug.xcconfig"; sourceTree = "<group>"; };
/* End PBXFileReference section */

/* Begin PBXFrameworksBuildPhase section */
		0481B7081F83A17200B806CE /* Frameworks */ = {
			isa = PBXFrameworksBuildPhase;
			buildActionMask = 2147483647;
			files = (
				D8C54212F31CA1AAC727C2D3 /* libPods-PYToolsDemo.a in Frameworks */,
			);
			runOnlyForDeploymentPostprocessing = 0;
		};
/* End PBXFrameworksBuildPhase section */

/* Begin PBXGroup section */
		0481B7021F83A17200B806CE = {
			isa = PBXGroup;
			children = (
				0481B70D1F83A17200B806CE /* PYToolsDemo */,
				0481B70C1F83A17200B806CE /* Products */,
				F0DE467DC3182E5E7949BDDD /* Pods */,
				6E73BDF0144ECDFEE89E3874 /* Frameworks */,
			);
			sourceTree = "<group>";
		};
		0481B70C1F83A17200B806CE /* Products */ = {
			isa = PBXGroup;
			children = (
				0481B70B1F83A17200B806CE /* PYToolsDemo.app */,
			);
			name = Products;
			sourceTree = "<group>";
		};
		0481B70D1F83A17200B806CE /* PYToolsDemo */ = {
			isa = PBXGroup;
			children = (
				0481B70E1F83A17200B806CE /* AppDelegate.h */,
				0481B70F1F83A17200B806CE /* AppDelegate.m */,
				04A0D8F61F861F8B000B2C44 /* PYSubViewController.h */,
				04A0D8F71F861F8B000B2C44 /* PYSubViewController.m */,
				0481B7111F83A17200B806CE /* ViewController.h */,
				0481B7121F83A17200B806CE /* ViewController.m */,
				0481B7141F83A17200B806CE /* Main.storyboard */,
				0481B7171F83A17200B806CE /* Assets.xcassets */,
				0481B7191F83A17200B806CE /* LaunchScreen.storyboard */,
				0481B71C1F83A17200B806CE /* Info.plist */,
				0481B71D1F83A17200B806CE /* main.m */,
			);
			path = PYToolsDemo;
			sourceTree = "<group>";
		};
		6E73BDF0144ECDFEE89E3874 /* Frameworks */ = {
			isa = PBXGroup;
			children = (
				633A832FF4A701516654D654 /* libPods-PYToolsDemo.a */,
			);
			name = Frameworks;
			sourceTree = "<group>";
		};
		F0DE467DC3182E5E7949BDDD /* Pods */ = {
			isa = PBXGroup;
			children = (
				E3BC3B5D2B926A5909B46392 /* Pods-PYToolsDemo.debug.xcconfig */,
				2C153722FB48429062D49EF3 /* Pods-PYToolsDemo.release.xcconfig */,
			);
			name = Pods;
			sourceTree = "<group>";
		};
/* End PBXGroup section */

/* Begin PBXNativeTarget section */
		0481B70A1F83A17200B806CE /* PYToolsDemo */ = {
			isa = PBXNativeTarget;
			buildConfigurationList = 0481B7211F83A17200B806CE /* Build configuration list for PBXNativeTarget "PYToolsDemo" */;
			buildPhases = (
				921740BBFCBCD292BA7C0E1A /* [CP] Check Pods Manifest.lock */,
				0481B7071F83A17200B806CE /* Sources */,
				0481B7081F83A17200B806CE /* Frameworks */,
				0481B7091F83A17200B806CE /* Resources */,
				084EF47D278930987C3A5E17 /* [CP] Embed Pods Frameworks */,
				28BF8A351679A193DB7721FF /* [CP] Copy Pods Resources */,
			);
			buildRules = (
			);
			dependencies = (
			);
			name = PYToolsDemo;
			productName = PYToolsDemo;
			productReference = 0481B70B1F83A17200B806CE /* PYToolsDemo.app */;
			productType = "com.apple.product-type.application";
		};
/* End PBXNativeTarget section */

/* Begin PBXProject section */
		0481B7031F83A17200B806CE /* Project object */ = {
			isa = PBXProject;
			attributes = {
				LastUpgradeCheck = 0900;
				ORGANIZATIONNAME = "于浦洋";
				TargetAttributes = {
					0481B70A1F83A17200B806CE = {
						CreatedOnToolsVersion = 9.0;
						ProvisioningStyle = Automatic;
					};
				};
			};
			buildConfigurationList = 0481B7061F83A17200B806CE /* Build configuration list for PBXProject "PYToolsDemo" */;
			compatibilityVersion = "Xcode 8.0";
			developmentRegion = en;
			hasScannedForEncodings = 0;
			knownRegions = (
				en,
				Base,
			);
			mainGroup = 0481B7021F83A17200B806CE;
			productRefGroup = 0481B70C1F83A17200B806CE /* Products */;
			projectDirPath = "";
			projectRoot = "";
			targets = (
				0481B70A1F83A17200B806CE /* PYToolsDemo */,
			);
		};
/* End PBXProject section */

/* Begin PBXResourcesBuildPhase section */
		0481B7091F83A17200B806CE /* Resources */ = {
			isa = PBXResourcesBuildPhase;
			buildActionMask = 2147483647;
			files = (
				0481B71B1F83A17200B806CE /* LaunchScreen.storyboard in Resources */,
				0481B7181F83A17200B806CE /* Assets.xcassets in Resources */,
				0481B7161F83A17200B806CE /* Main.storyboard in Resources */,
			);
			runOnlyForDeploymentPostprocessing = 0;
		};
/* End PBXResourcesBuildPhase section */

/* Begin PBXShellScriptBuildPhase section */
		084EF47D278930987C3A5E17 /* [CP] Embed Pods Frameworks */ = {
			isa = PBXShellScriptBuildPhase;
			buildActionMask = 2147483647;
			files = (
			);
			inputPaths = (
			);
			name = "[CP] Embed Pods Frameworks";
			outputPaths = (
			);
			runOnlyForDeploymentPostprocessing = 0;
			shellPath = /bin/sh;
			shellScript = "\"${SRCROOT}/Pods/Target Support Files/Pods-PYToolsDemo/Pods-PYToolsDemo-frameworks.sh\"\n";
			showEnvVarsInLog = 0;
		};
		28BF8A351679A193DB7721FF /* [CP] Copy Pods Resources */ = {
			isa = PBXShellScriptBuildPhase;
			buildActionMask = 2147483647;
			files = (
			);
			inputPaths = (
			);
			name = "[CP] Copy Pods Resources";
			outputPaths = (
			);
			runOnlyForDeploymentPostprocessing = 0;
			shellPath = /bin/sh;
			shellScript = "\"${SRCROOT}/Pods/Target Support Files/Pods-PYToolsDemo/Pods-PYToolsDemo-resources.sh\"\n";
			showEnvVarsInLog = 0;
		};
		921740BBFCBCD292BA7C0E1A /* [CP] Check Pods Manifest.lock */ = {
			isa = PBXShellScriptBuildPhase;
			buildActionMask = 2147483647;
			files = (
			);
			inputPaths = (
				"${PODS_PODFILE_DIR_PATH}/Podfile.lock",
				"${PODS_ROOT}/Manifest.lock",
			);
			name = "[CP] Check Pods Manifest.lock";
			outputPaths = (
				"$(DERIVED_FILE_DIR)/Pods-PYToolsDemo-checkManifestLockResult.txt",
			);
			runOnlyForDeploymentPostprocessing = 0;
			shellPath = /bin/sh;
			shellScript = "diff \"${PODS_PODFILE_DIR_PATH}/Podfile.lock\" \"${PODS_ROOT}/Manifest.lock\" > /dev/null\nif [ $? != 0 ] ; then\n    # print error to STDERR\n    echo \"error: The sandbox is not in sync with the Podfile.lock. Run 'pod install' or update your CocoaPods installation.\" >&2\n    exit 1\nfi\n# This output is used by Xcode 'outputs' to avoid re-running this script phase.\necho \"SUCCESS\" > \"${SCRIPT_OUTPUT_FILE_0}\"\n";
			showEnvVarsInLog = 0;
		};
/* End PBXShellScriptBuildPhase section */

/* Begin PBXSourcesBuildPhase section */
		0481B7071F83A17200B806CE /* Sources */ = {
			isa = PBXSourcesBuildPhase;
			buildActionMask = 2147483647;
			files = (
				0481B7131F83A17200B806CE /* ViewController.m in Sources */,
				0481B71E1F83A17200B806CE /* main.m in Sources */,
				04A0D8F81F861F8B000B2C44 /* PYSubViewController.m in Sources */,
				0481B7101F83A17200B806CE /* AppDelegate.m in Sources */,
			);
			runOnlyForDeploymentPostprocessing = 0;
		};
/* End PBXSourcesBuildPhase section */

/* Begin PBXVariantGroup section */
		0481B7141F83A17200B806CE /* Main.storyboard */ = {
			isa = PBXVariantGroup;
			children = (
				0481B7151F83A17200B806CE /* Base */,
			);
			name = Main.storyboard;
			sourceTree = "<group>";
		};
		0481B7191F83A17200B806CE /* LaunchScreen.storyboard */ = {
			isa = PBXVariantGroup;
			children = (
				0481B71A1F83A17200B806CE /* Base */,
			);
			name = LaunchScreen.storyboard;
			sourceTree = "<group>";
		};
/* End PBXVariantGroup section */

/* Begin XCBuildConfiguration section */
		0481B71F1F83A17200B806CE /* Debug */ = {
			isa = XCBuildConfiguration;
			buildSettings = {
				ALWAYS_SEARCH_USER_PATHS = NO;
				CLANG_ANALYZER_NONNULL = YES;
				CLANG_ANALYZER_NUMBER_OBJECT_CONVERSION = YES_AGGRESSIVE;
				CLANG_CXX_LANGUAGE_STANDARD = "gnu++14";
				CLANG_CXX_LIBRARY = "libc++";
				CLANG_ENABLE_MODULES = YES;
				CLANG_ENABLE_OBJC_ARC = YES;
				CLANG_WARN_BLOCK_CAPTURE_AUTORELEASING = YES;
				CLANG_WARN_BOOL_CONVERSION = YES;
				CLANG_WARN_COMMA = YES;
				CLANG_WARN_CONSTANT_CONVERSION = YES;
				CLANG_WARN_DIRECT_OBJC_ISA_USAGE = YES_ERROR;
				CLANG_WARN_DOCUMENTATION_COMMENTS = YES;
				CLANG_WARN_EMPTY_BODY = YES;
				CLANG_WARN_ENUM_CONVERSION = YES;
				CLANG_WARN_INFINITE_RECURSION = YES;
				CLANG_WARN_INT_CONVERSION = YES;
				CLANG_WARN_NON_LITERAL_NULL_CONVERSION = YES;
				CLANG_WARN_OBJC_LITERAL_CONVERSION = YES;
				CLANG_WARN_OBJC_ROOT_CLASS = YES_ERROR;
				CLANG_WARN_RANGE_LOOP_ANALYSIS = YES;
				CLANG_WARN_STRICT_PROTOTYPES = YES;
				CLANG_WARN_SUSPICIOUS_MOVE = YES;
				CLANG_WARN_UNGUARDED_AVAILABILITY = YES_AGGRESSIVE;
				CLANG_WARN_UNREACHABLE_CODE = YES;
				CLANG_WARN__DUPLICATE_METHOD_MATCH = YES;
				CODE_SIGN_IDENTITY = "iPhone Developer";
				COPY_PHASE_STRIP = NO;
				DEBUG_INFORMATION_FORMAT = dwarf;
				ENABLE_STRICT_OBJC_MSGSEND = YES;
				ENABLE_TESTABILITY = YES;
				GCC_C_LANGUAGE_STANDARD = gnu11;
				GCC_DYNAMIC_NO_PIC = NO;
				GCC_NO_COMMON_BLOCKS = YES;
				GCC_OPTIMIZATION_LEVEL = 0;
				GCC_PREPROCESSOR_DEFINITIONS = (
					"DEBUG=1",
					"$(inherited)",
				);
				GCC_WARN_64_TO_32_BIT_CONVERSION = YES;
				GCC_WARN_ABOUT_RETURN_TYPE = YES_ERROR;
				GCC_WARN_UNDECLARED_SELECTOR = YES;
				GCC_WARN_UNINITIALIZED_AUTOS = YES_AGGRESSIVE;
				GCC_WARN_UNUSED_FUNCTION = YES;
				GCC_WARN_UNUSED_VARIABLE = YES;
				IPHONEOS_DEPLOYMENT_TARGET = 11.0;
				MTL_ENABLE_DEBUG_INFO = YES;
				ONLY_ACTIVE_ARCH = YES;
				SDKROOT = iphoneos;
			};
			name = Debug;
		};
		0481B7201F83A17200B806CE /* Release */ = {
			isa = XCBuildConfiguration;
			buildSettings = {
				ALWAYS_SEARCH_USER_PATHS = NO;
				CLANG_ANALYZER_NONNULL = YES;
				CLANG_ANALYZER_NUMBER_OBJECT_CONVERSION = YES_AGGRESSIVE;
				CLANG_CXX_LANGUAGE_STANDARD = "gnu++14";
				CLANG_CXX_LIBRARY = "libc++";
				CLANG_ENABLE_MODULES = YES;
				CLANG_ENABLE_OBJC_ARC = YES;
				CLANG_WARN_BLOCK_CAPTURE_AUTORELEASING = YES;
				CLANG_WARN_BOOL_CONVERSION = YES;
				CLANG_WARN_COMMA = YES;
				CLANG_WARN_CONSTANT_CONVERSION = YES;
				CLANG_WARN_DIRECT_OBJC_ISA_USAGE = YES_ERROR;
				CLANG_WARN_DOCUMENTATION_COMMENTS = YES;
				CLANG_WARN_EMPTY_BODY = YES;
				CLANG_WARN_ENUM_CONVERSION = YES;
				CLANG_WARN_INFINITE_RECURSION = YES;
				CLANG_WARN_INT_CONVERSION = YES;
				CLANG_WARN_NON_LITERAL_NULL_CONVERSION = YES;
				CLANG_WARN_OBJC_LITERAL_CONVERSION = YES;
				CLANG_WARN_OBJC_ROOT_CLASS = YES_ERROR;
				CLANG_WARN_RANGE_LOOP_ANALYSIS = YES;
				CLANG_WARN_STRICT_PROTOTYPES = YES;
				CLANG_WARN_SUSPICIOUS_MOVE = YES;
				CLANG_WARN_UNGUARDED_AVAILABILITY = YES_AGGRESSIVE;
				CLANG_WARN_UNREACHABLE_CODE = YES;
				CLANG_WARN__DUPLICATE_METHOD_MATCH = YES;
				CODE_SIGN_IDENTITY = "iPhone Developer";
				COPY_PHASE_STRIP = NO;
				DEBUG_INFORMATION_FORMAT = "dwarf-with-dsym";
				ENABLE_NS_ASSERTIONS = NO;
				ENABLE_STRICT_OBJC_MSGSEND = YES;
				GCC_C_LANGUAGE_STANDARD = gnu11;
				GCC_NO_COMMON_BLOCKS = YES;
				GCC_WARN_64_TO_32_BIT_CONVERSION = YES;
				GCC_WARN_ABOUT_RETURN_TYPE = YES_ERROR;
				GCC_WARN_UNDECLARED_SELECTOR = YES;
				GCC_WARN_UNINITIALIZED_AUTOS = YES_AGGRESSIVE;
				GCC_WARN_UNUSED_FUNCTION = YES;
				GCC_WARN_UNUSED_VARIABLE = YES;
				IPHONEOS_DEPLOYMENT_TARGET = 11.0;
				MTL_ENABLE_DEBUG_INFO = NO;
				SDKROOT = iphoneos;
				VALIDATE_PRODUCT = YES;
			};
			name = Release;
		};
		0481B7221F83A17200B806CE /* Debug */ = {
			isa = XCBuildConfiguration;
			baseConfigurationReference = E3BC3B5D2B926A5909B46392 /* Pods-PYToolsDemo.debug.xcconfig */;
			buildSettings = {
				ASSETCATALOG_COMPILER_APPICON_NAME = AppIcon;
				CODE_SIGN_STYLE = Automatic;
				DEVELOPMENT_TEAM = L3B82TM5D5;
				INFOPLIST_FILE = PYToolsDemo/Info.plist;
				IPHONEOS_DEPLOYMENT_TARGET = 8.0;
				LD_RUNPATH_SEARCH_PATHS = "$(inherited) @executable_path/Frameworks";
				PRODUCT_BUNDLE_IDENTIFIER = com.puyang.PYObjcToolsDemo.PYToolsDemo;
				PRODUCT_NAME = "$(TARGET_NAME)";
				TARGETED_DEVICE_FAMILY = "1,2";
			};
			name = Debug;
		};
		0481B7231F83A17200B806CE /* Release */ = {
			isa = XCBuildConfiguration;
			baseConfigurationReference = 2C153722FB48429062D49EF3 /* Pods-PYToolsDemo.release.xcconfig */;
			buildSettings = {
				ASSETCATALOG_COMPILER_APPICON_NAME = AppIcon;
				CODE_SIGN_STYLE = Automatic;
				DEVELOPMENT_TEAM = L3B82TM5D5;
				INFOPLIST_FILE = PYToolsDemo/Info.plist;
				IPHONEOS_DEPLOYMENT_TARGET = 8.0;
				LD_RUNPATH_SEARCH_PATHS = "$(inherited) @executable_path/Frameworks";
				PRODUCT_BUNDLE_IDENTIFIER = com.puyang.PYObjcToolsDemo.PYToolsDemo;
				PRODUCT_NAME = "$(TARGET_NAME)";
				TARGETED_DEVICE_FAMILY = "1,2";
			};
			name = Release;
		};
/* End XCBuildConfiguration section */

/* Begin XCConfigurationList section */
		0481B7061F83A17200B806CE /* Build configuration list for PBXProject "PYToolsDemo" */ = {
			isa = XCConfigurationList;
			buildConfigurations = (
				0481B71F1F83A17200B806CE /* Debug */,
				0481B7201F83A17200B806CE /* Release */,
			);
			defaultConfigurationIsVisible = 0;
			defaultConfigurationName = Release;
		};
		0481B7211F83A17200B806CE /* Build configuration list for PBXNativeTarget "PYToolsDemo" */ = {
			isa = XCConfigurationList;
			buildConfigurations = (
				0481B7221F83A17200B806CE /* Debug */,
				0481B7231F83A17200B806CE /* Release */,
			);
			defaultConfigurationIsVisible = 0;
			defaultConfigurationName = Release;
		};
/* End XCConfigurationList section */
	};
	rootObject = 0481B7031F83A17200B806CE /* Project object */;
}
