PODS:
  - FCUUID (1.3.1):
    - UICKeyChainStore (~> 2.1.0)
  - PYTools (0.0.4):
    - ReactiveObjC (~> 3.0.0)
  - ReactiveObjC (3.0.0)
  - UICKeyChainStore (2.1.1)

DEPENDENCIES:
  - FCUUID
  - PYTools (from `/Users/mac/Desktop/Test/PYTools`)

EXTERNAL SOURCES:
  PYTools:
    :path: /Users/mac/Desktop/Test/PYTools

SPEC CHECKSUMS:
  FCUUID: bb054fc90cd7cd99320f9f6ff8e130fe607fba05
  PYTools: bc38859034a8e9297bdc33ba7df54b4fa353e9a6
  ReactiveObjC: ce79989e8684b9086b5f8d0c74bc7b81a8729c9e
  UICKeyChainStore: 239558492fa260531a0774cfc611ea83a6eaff3a

PODFILE CHECKSUM: 8c85d30159230bcffa8db0336a208210c4c5d664

COCOAPODS: 1.3.1
